// !$*UTF8*$!
{
	archiveVersion = 1;
	classes = {
	};
	objectVersion = 52;
	objects = {

/* Begin PBXBuildFile section */
		EE532F6925BED7B500522DF0 /* StudyCardsApp.swift in Sources */ = {isa = PBXBuildFile; fileRef = EE532F6825BED7B500522DF0 /* StudyCardsApp.swift */; };
		EE532F6B25BED7B500522DF0 /* CardListView.swift in Sources */ = {isa = PBXBuildFile; fileRef = EE532F6A25BED7B500522DF0 /* CardListView.swift */; };
		EE532F6D25BED7B700522DF0 /* Assets.xcassets in Resources */ = {isa = PBXBuildFile; fileRef = EE532F6C25BED7B700522DF0 /* Assets.xcassets */; };
		EE532F7025BED7B700522DF0 /* Preview Assets.xcassets in Resources */ = {isa = PBXBuildFile; fileRef = EE532F6F25BED7B700522DF0 /* Preview Assets.xcassets */; };
		EE532F7A25BEDA0B00522DF0 /* FirebaseFirestore in Frameworks */ = {isa = PBXBuildFile; productRef = EE532F7925BEDA0B00522DF0 /* FirebaseFirestore */; };
		EE532F7C25BEDA0B00522DF0 /* FirebaseFirestoreSwift-Beta in Frameworks */ = {isa = PBXBuildFile; productRef = EE532F7B25BEDA0B00522DF0 /* FirebaseFirestoreSwift-Beta */; };
		EE532F8125BEDB8600522DF0 /* GoogleService-Info.plist in Resources */ = {isa = PBXBuildFile; fileRef = EE532F8025BEDB8600522DF0 /* GoogleService-Info.plist */; };
		EE532F8A25BEDF7B00522DF0 /* CardRespository.swift in Sources */ = {isa = PBXBuildFile; fileRef = EE532F8925BEDF7B00522DF0 /* CardRespository.swift */; };
		EE532F8E25BEE29800522DF0 /* StudyCard.swift in Sources */ = {isa = PBXBuildFile; fileRef = EE532F8D25BEE29800522DF0 /* StudyCard.swift */; };
		EE532F9125BEE7B500522DF0 /* CardListViewModel.swift in Sources */ = {isa = PBXBuildFile; fileRef = EE532F9025BEE7B500522DF0 /* CardListViewModel.swift */; };
		EE532F9425BEEFC600522DF0 /* CardView.swift in Sources */ = {isa = PBXBuildFile; fileRef = EE532F9325BEEFC600522DF0 /* CardView.swift */; };
		EE532F9725BEF06E00522DF0 /* CardViewModel.swift in Sources */ = {isa = PBXBuildFile; fileRef = EE532F9625BEF06E00522DF0 /* CardViewModel.swift */; };
		EE532F9A25BF397000522DF0 /* FormView.swift in Sources */ = {isa = PBXBuildFile; fileRef = EE532F9925BF397000522DF0 /* FormView.swift */; };
/* End PBXBuildFile section */

/* Begin PBXFileReference section */
		EE532F6525BED7B500522DF0 /* StudyCards.app */ = {isa = PBXFileReference; explicitFileType = wrapper.application; includeInIndex = 0; path = StudyCards.app; sourceTree = BUILT_PRODUCTS_DIR; };
		EE532F6825BED7B500522DF0 /* StudyCardsApp.swift */ = {isa = PBXFileReference; lastKnownFileType = sourcecode.swift; path = StudyCardsApp.swift; sourceTree = "<group>"; };
		EE532F6A25BED7B500522DF0 /* CardListView.swift */ = {isa = PBXFileReference; lastKnownFileType = sourcecode.swift; path = CardListView.swift; sourceTree = "<group>"; };
		EE532F6C25BED7B700522DF0 /* Assets.xcassets */ = {isa = PBXFileReference; lastKnownFileType = folder.assetcatalog; path = Assets.xcassets; sourceTree = "<group>"; };
		EE532F6F25BED7B700522DF0 /* Preview Assets.xcassets */ = {isa = PBXFileReference; lastKnownFileType = folder.assetcatalog; path = "Preview Assets.xcassets"; sourceTree = "<group>"; };
		EE532F7125BED7B700522DF0 /* Info.plist */ = {isa = PBXFileReference; lastKnownFileType = text.plist.xml; path = Info.plist; sourceTree = "<group>"; };
		EE532F8025BEDB8600522DF0 /* GoogleService-Info.plist */ = {isa = PBXFileReference; fileEncoding = 4; lastKnownFileType = text.plist.xml; path = "GoogleService-Info.plist"; sourceTree = "<group>"; };
		EE532F8925BEDF7B00522DF0 /* CardRespository.swift */ = {isa = PBXFileReference; lastKnownFileType = sourcecode.swift; path = CardRespository.swift; sourceTree = "<group>"; };
		EE532F8D25BEE29800522DF0 /* StudyCard.swift */ = {isa = PBXFileReference; lastKnownFileType = sourcecode.swift; path = StudyCard.swift; sourceTree = "<group>"; };
		EE532F9025BEE7B500522DF0 /* CardListViewModel.swift */ = {isa = PBXFileReference; lastKnownFileType = sourcecode.swift; path = CardListViewModel.swift; sourceTree = "<group>"; };
		EE532F9325BEEFC600522DF0 /* CardView.swift */ = {isa = PBXFileReference; lastKnownFileType = sourcecode.swift; path = CardView.swift; sourceTree = "<group>"; };
		EE532F9625BEF06E00522DF0 /* CardViewModel.swift */ = {isa = PBXFileReference; lastKnownFileType = sourcecode.swift; path = CardViewModel.swift; sourceTree = "<group>"; };
		EE532F9925BF397000522DF0 /* FormView.swift */ = {isa = PBXFileReference; lastKnownFileType = sourcecode.swift; path = FormView.swift; sourceTree = "<group>"; };
/* End PBXFileReference section */

/* Begin PBXFrameworksBuildPhase section */
		EE532F6225BED7B500522DF0 /* Frameworks */ = {
			isa = PBXFrameworksBuildPhase;
			buildActionMask = 2147483647;
			files = (
				EE532F7A25BEDA0B00522DF0 /* FirebaseFirestore in Frameworks */,
				EE532F7C25BEDA0B00522DF0 /* FirebaseFirestoreSwift-Beta in Frameworks */,
			);
			runOnlyForDeploymentPostprocessing = 0;
		};
/* End PBXFrameworksBuildPhase section */

/* Begin PBXGroup section */
		EE532F5C25BED7B500522DF0 = {
			isa = PBXGroup;
			children = (
				EE532F6725BED7B500522DF0 /* StudyCards */,
				EE532F6625BED7B500522DF0 /* Products */,
			);
			sourceTree = "<group>";
		};
		EE532F6625BED7B500522DF0 /* Products */ = {
			isa = PBXGroup;
			children = (
				EE532F6525BED7B500522DF0 /* StudyCards.app */,
			);
			name = Products;
			sourceTree = "<group>";
		};
		EE532F6725BED7B500522DF0 /* StudyCards */ = {
			isa = PBXGroup;
			children = (
				EE532F6825BED7B500522DF0 /* StudyCardsApp.swift */,
				EE532F8825BEDF1C00522DF0 /* Repository */,
				EE532F8725BEDEEC00522DF0 /* ViewModels */,
				EE532F8625BEDEB400522DF0 /* Models */,
				EE532F8425BEDE7500522DF0 /* Views */,
				EE532F6C25BED7B700522DF0 /* Assets.xcassets */,
				EE532F7125BED7B700522DF0 /* Info.plist */,
				EE532F8025BEDB8600522DF0 /* GoogleService-Info.plist */,
				EE532F6E25BED7B700522DF0 /* Preview Content */,
			);
			path = StudyCards;
			sourceTree = "<group>";
		};
		EE532F6E25BED7B700522DF0 /* Preview Content */ = {
			isa = PBXGroup;
			children = (
				EE532F6F25BED7B700522DF0 /* Preview Assets.xcassets */,
			);
			path = "Preview Content";
			sourceTree = "<group>";
		};
		EE532F8425BEDE7500522DF0 /* Views */ = {
			isa = PBXGroup;
			children = (
				EE532F6A25BED7B500522DF0 /* CardListView.swift */,
				EE532F9925BF397000522DF0 /* FormView.swift */,
				EE532F9325BEEFC600522DF0 /* CardView.swift */,
			);
			path = Views;
			sourceTree = "<group>";
		};
		EE532F8625BEDEB400522DF0 /* Models */ = {
			isa = PBXGroup;
			children = (
				EE532F8D25BEE29800522DF0 /* StudyCard.swift */,
				EE532F9625BEF06E00522DF0 /* CardViewModel.swift */,
			);
			path = Models;
			sourceTree = "<group>";
		};
		EE532F8725BEDEEC00522DF0 /* ViewModels */ = {
			isa = PBXGroup;
			children = (
				EE532F9025BEE7B500522DF0 /* CardListViewModel.swift */,
			);
			path = ViewModels;
			sourceTree = "<group>";
		};
		EE532F8825BEDF1C00522DF0 /* Repository */ = {
			isa = PBXGroup;
			children = (
				EE532F8925BEDF7B00522DF0 /* CardRespository.swift */,
			);
			path = Repository;
			sourceTree = "<group>";
		};
/* End PBXGroup section */

/* Begin PBXNativeTarget section */
		EE532F6425BED7B500522DF0 /* StudyCards */ = {
			isa = PBXNativeTarget;
			buildConfigurationList = EE532F7425BED7B700522DF0 /* Build configuration list for PBXNativeTarget "StudyCards" */;
			buildPhases = (
				EE532F6125BED7B500522DF0 /* Sources */,
				EE532F6225BED7B500522DF0 /* Frameworks */,
				EE532F6325BED7B500522DF0 /* Resources */,
			);
			buildRules = (
			);
			dependencies = (
			);
			name = StudyCards;
			packageProductDependencies = (
				EE532F7925BEDA0B00522DF0 /* FirebaseFirestore */,
				EE532F7B25BEDA0B00522DF0 /* FirebaseFirestoreSwift-Beta */,
			);
			productName = StudyCards;
			productReference = EE532F6525BED7B500522DF0 /* StudyCards.app */;
			productType = "com.apple.product-type.application";
		};
/* End PBXNativeTarget section */

/* Begin PBXProject section */
		EE532F5D25BED7B500522DF0 /* Project object */ = {
			isa = PBXProject;
			attributes = {
				LastSwiftUpdateCheck = 1230;
				LastUpgradeCheck = 1230;
				TargetAttributes = {
					EE532F6425BED7B500522DF0 = {
						CreatedOnToolsVersion = 12.3;
					};
				};
			};
			buildConfigurationList = EE532F6025BED7B500522DF0 /* Build configuration list for PBXProject "StudyCards" */;
			compatibilityVersion = "Xcode 9.3";
			developmentRegion = en;
			hasScannedForEncodings = 0;
			knownRegions = (
				en,
				Base,
			);
			mainGroup = EE532F5C25BED7B500522DF0;
			packageReferences = (
				EE532F7825BEDA0B00522DF0 /* XCRemoteSwiftPackageReference "firebase-ios-sdk" */,
			);
			productRefGroup = EE532F6625BED7B500522DF0 /* Products */;
			projectDirPath = "";
			projectRoot = "";
			targets = (
				EE532F6425BED7B500522DF0 /* StudyCards */,
			);
		};
/* End PBXProject section */

/* Begin PBXResourcesBuildPhase section */
		EE532F6325BED7B500522DF0 /* Resources */ = {
			isa = PBXResourcesBuildPhase;
			buildActionMask = 2147483647;
			files = (
				EE532F7025BED7B700522DF0 /* Preview Assets.xcassets in Resources */,
				EE532F6D25BED7B700522DF0 /* Assets.xcassets in Resources */,
				EE532F8125BEDB8600522DF0 /* GoogleService-Info.plist in Resources */,
			);
			runOnlyForDeploymentPostprocessing = 0;
		};
/* End PBXResourcesBuildPhase section */

/* Begin PBXSourcesBuildPhase section */
		EE532F6125BED7B500522DF0 /* Sources */ = {
			isa = PBXSourcesBuildPhase;
			buildActionMask = 2147483647;
			files = (
				EE532F9A25BF397000522DF0 /* FormView.swift in Sources */,
				EE532F9125BEE7B500522DF0 /* CardListViewModel.swift in Sources */,
				EE532F6B25BED7B500522DF0 /* CardListView.swift in Sources */,
				EE532F8E25BEE29800522DF0 /* StudyCard.swift in Sources */,
				EE532F6925BED7B500522DF0 /* StudyCardsApp.swift in Sources */,
				EE532F9425BEEFC600522DF0 /* CardView.swift in Sources */,
				EE532F8A25BEDF7B00522DF0 /* CardRespository.swift in Sources */,
				EE532F9725BEF06E00522DF0 /* CardViewModel.swift in Sources */,
			);
			runOnlyForDeploymentPostprocessing = 0;
		};
/* End PBXSourcesBuildPhase section */

/* Begin XCBuildConfiguration section */
		EE532F7225BED7B700522DF0 /* Debug */ = {
			isa = XCBuildConfiguration;
			buildSettings = {
				ALWAYS_SEARCH_USER_PATHS = NO;
				CLANG_ANALYZER_NONNULL = YES;
				CLANG_ANALYZER_NUMBER_OBJECT_CONVERSION = YES_AGGRESSIVE;
				CLANG_CXX_LANGUAGE_STANDARD = "gnu++14";
				CLANG_CXX_LIBRARY = "libc++";
				CLANG_ENABLE_MODULES = YES;
				CLANG_ENABLE_OBJC_ARC = YES;
				CLANG_ENABLE_OBJC_WEAK = YES;
				CLANG_WARN_BLOCK_CAPTURE_AUTORELEASING = YES;
				CLANG_WARN_BOOL_CONVERSION = YES;
				CLANG_WARN_COMMA = YES;
				CLANG_WARN_CONSTANT_CONVERSION = YES;
				CLANG_WARN_DEPRECATED_OBJC_IMPLEMENTATIONS = YES;
				CLANG_WARN_DIRECT_OBJC_ISA_USAGE = YES_ERROR;
				CLANG_WARN_DOCUMENTATION_COMMENTS = YES;
				CLANG_WARN_EMPTY_BODY = YES;
				CLANG_WARN_ENUM_CONVERSION = YES;
				CLANG_WARN_INFINITE_RECURSION = YES;
				CLANG_WARN_INT_CONVERSION = YES;
				CLANG_WARN_NON_LITERAL_NULL_CONVERSION = YES;
				CLANG_WARN_OBJC_IMPLICIT_RETAIN_SELF = YES;
				CLANG_WARN_OBJC_LITERAL_CONVERSION = YES;
				CLANG_WARN_OBJC_ROOT_CLASS = YES_ERROR;
				CLANG_WARN_QUOTED_INCLUDE_IN_FRAMEWORK_HEADER = YES;
				CLANG_WARN_RANGE_LOOP_ANALYSIS = YES;
				CLANG_WARN_STRICT_PROTOTYPES = YES;
				CLANG_WARN_SUSPICIOUS_MOVE = YES;
				CLANG_WARN_UNGUARDED_AVAILABILITY = YES_AGGRESSIVE;
				CLANG_WARN_UNREACHABLE_CODE = YES;
				CLANG_WARN__DUPLICATE_METHOD_MATCH = YES;
				COPY_PHASE_STRIP = NO;
				DEBUG_INFORMATION_FORMAT = dwarf;
				ENABLE_STRICT_OBJC_MSGSEND = YES;
				ENABLE_TESTABILITY = YES;
				GCC_C_LANGUAGE_STANDARD = gnu11;
				GCC_DYNAMIC_NO_PIC = NO;
				GCC_NO_COMMON_BLOCKS = YES;
				GCC_OPTIMIZATION_LEVEL = 0;
				GCC_PREPROCESSOR_DEFINITIONS = (
					"DEBUG=1",
					"$(inherited)",
				);
				GCC_WARN_64_TO_32_BIT_CONVERSION = YES;
				GCC_WARN_ABOUT_RETURN_TYPE = YES_ERROR;
				GCC_WARN_UNDECLARED_SELECTOR = YES;
				GCC_WARN_UNINITIALIZED_AUTOS = YES_AGGRESSIVE;
				GCC_WARN_UNUSED_FUNCTION = YES;
				GCC_WARN_UNUSED_VARIABLE = YES;
				IPHONEOS_DEPLOYMENT_TARGET = 14.3;
				MTL_ENABLE_DEBUG_INFO = INCLUDE_SOURCE;
				MTL_FAST_MATH = YES;
				ONLY_ACTIVE_ARCH = YES;
				SDKROOT = iphoneos;
				SWIFT_ACTIVE_COMPILATION_CONDITIONS = DEBUG;
				SWIFT_OPTIMIZATION_LEVEL = "-Onone";
			};
			name = Debug;
		};
		EE532F7325BED7B700522DF0 /* Release */ = {
			isa = XCBuildConfiguration;
			buildSettings = {
				ALWAYS_SEARCH_USER_PATHS = NO;
				CLANG_ANALYZER_NONNULL = YES;
				CLANG_ANALYZER_NUMBER_OBJECT_CONVERSION = YES_AGGRESSIVE;
				CLANG_CXX_LANGUAGE_STANDARD = "gnu++14";
				CLANG_CXX_LIBRARY = "libc++";
				CLANG_ENABLE_MODULES = YES;
				CLANG_ENABLE_OBJC_ARC = YES;
				CLANG_ENABLE_OBJC_WEAK = YES;
				CLANG_WARN_BLOCK_CAPTURE_AUTORELEASING = YES;
				CLANG_WARN_BOOL_CONVERSION = YES;
				CLANG_WARN_COMMA = YES;
				CLANG_WARN_CONSTANT_CONVERSION = YES;
				CLANG_WARN_DEPRECATED_OBJC_IMPLEMENTATIONS = YES;
				CLANG_WARN_DIRECT_OBJC_ISA_USAGE = YES_ERROR;
				CLANG_WARN_DOCUMENTATION_COMMENTS = YES;
				CLANG_WARN_EMPTY_BODY = YES;
				CLANG_WARN_ENUM_CONVERSION = YES;
				CLANG_WARN_INFINITE_RECURSION = YES;
				CLANG_WARN_INT_CONVERSION = YES;
				CLANG_WARN_NON_LITERAL_NULL_CONVERSION = YES;
				CLANG_WARN_OBJC_IMPLICIT_RETAIN_SELF = YES;
				CLANG_WARN_OBJC_LITERAL_CONVERSION = YES;
				CLANG_WARN_OBJC_ROOT_CLASS = YES_ERROR;
				CLANG_WARN_QUOTED_INCLUDE_IN_FRAMEWORK_HEADER = YES;
				CLANG_WARN_RANGE_LOOP_ANALYSIS = YES;
				CLANG_WARN_STRICT_PROTOTYPES = YES;
				CLANG_WARN_SUSPICIOUS_MOVE = YES;
				CLANG_WARN_UNGUARDED_AVAILABILITY = YES_AGGRESSIVE;
				CLANG_WARN_UNREACHABLE_CODE = YES;
				CLANG_WARN__DUPLICATE_METHOD_MATCH = YES;
				COPY_PHASE_STRIP = NO;
				DEBUG_INFORMATION_FORMAT = "dwarf-with-dsym";
				ENABLE_NS_ASSERTIONS = NO;
				ENABLE_STRICT_OBJC_MSGSEND = YES;
				GCC_C_LANGUAGE_STANDARD = gnu11;
				GCC_NO_COMMON_BLOCKS = YES;
				GCC_WARN_64_TO_32_BIT_CONVERSION = YES;
				GCC_WARN_ABOUT_RETURN_TYPE = YES_ERROR;
				GCC_WARN_UNDECLARED_SELECTOR = YES;
				GCC_WARN_UNINITIALIZED_AUTOS = YES_AGGRESSIVE;
				GCC_WARN_UNUSED_FUNCTION = YES;
				GCC_WARN_UNUSED_VARIABLE = YES;
				IPHONEOS_DEPLOYMENT_TARGET = 14.3;
				MTL_ENABLE_DEBUG_INFO = NO;
				MTL_FAST_MATH = YES;
				SDKROOT = iphoneos;
				SWIFT_COMPILATION_MODE = wholemodule;
				SWIFT_OPTIMIZATION_LEVEL = "-O";
				VALIDATE_PRODUCT = YES;
			};
			name = Release;
		};
		EE532F7525BED7B700522DF0 /* Debug */ = {
			isa = XCBuildConfiguration;
			buildSettings = {
				ASSETCATALOG_COMPILER_APPICON_NAME = AppIcon;
				ASSETCATALOG_COMPILER_GLOBAL_ACCENT_COLOR_NAME = AccentColor;
				CODE_SIGN_STYLE = Automatic;
				DEVELOPMENT_ASSET_PATHS = "\"StudyCards/Preview Content\"";
				DEVELOPMENT_TEAM = 9C3YYD2ZUU;
				ENABLE_PREVIEWS = YES;
				INFOPLIST_FILE = StudyCards/Info.plist;
				IPHONEOS_DEPLOYMENT_TARGET = 14.0;
				LD_RUNPATH_SEARCH_PATHS = (
					"$(inherited)",
					"@executable_path/Frameworks",
				);
				PRODUCT_BUNDLE_IDENTIFIER = ZhingelStas.StudyCards;
				PRODUCT_NAME = "$(TARGET_NAME)";
				SWIFT_VERSION = 5.0;
				TARGETED_DEVICE_FAMILY = "1,2";
			};
			name = Debug;
		};
		EE532F7625BED7B700522DF0 /* Release */ = {
			isa = XCBuildConfiguration;
			buildSettings = {
				ASSETCATALOG_COMPILER_APPICON_NAME = AppIcon;
				ASSETCATALOG_COMPILER_GLOBAL_ACCENT_COLOR_NAME = AccentColor;
				CODE_SIGN_STYLE = Automatic;
				DEVELOPMENT_ASSET_PATHS = "\"StudyCards/Preview Content\"";
				DEVELOPMENT_TEAM = 9C3YYD2ZUU;
				ENABLE_PREVIEWS = YES;
				INFOPLIST_FILE = StudyCards/Info.plist;
				IPHONEOS_DEPLOYMENT_TARGET = 14.0;
				LD_RUNPATH_SEARCH_PATHS = (
					"$(inherited)",
					"@executable_path/Frameworks",
				);
				PRODUCT_BUNDLE_IDENTIFIER = ZhingelStas.StudyCards;
				PRODUCT_NAME = "$(TARGET_NAME)";
				SWIFT_VERSION = 5.0;
				TARGETED_DEVICE_FAMILY = "1,2";
			};
			name = Release;
		};
/* End XCBuildConfiguration section */

/* Begin XCConfigurationList section */
		EE532F6025BED7B500522DF0 /* Build configuration list for PBXProject "StudyCards" */ = {
			isa = XCConfigurationList;
			buildConfigurations = (
				EE532F7225BED7B700522DF0 /* Debug */,
				EE532F7325BED7B700522DF0 /* Release */,
			);
			defaultConfigurationIsVisible = 0;
			defaultConfigurationName = Release;
		};
		EE532F7425BED7B700522DF0 /* Build configuration list for PBXNativeTarget "StudyCards" */ = {
			isa = XCConfigurationList;
			buildConfigurations = (
				EE532F7525BED7B700522DF0 /* Debug */,
				EE532F7625BED7B700522DF0 /* Release */,
			);
			defaultConfigurationIsVisible = 0;
			defaultConfigurationName = Release;
		};
/* End XCConfigurationList section */

/* Begin XCRemoteSwiftPackageReference section */
		EE532F7825BEDA0B00522DF0 /* XCRemoteSwiftPackageReference "firebase-ios-sdk" */ = {
			isa = XCRemoteSwiftPackageReference;
			repositoryURL = "https://github.com/firebase/firebase-ios-sdk";
			requirement = {
				kind = upToNextMajorVersion;
				minimumVersion = 7.4.0;
			};
		};
/* End XCRemoteSwiftPackageReference section */

/* Begin XCSwiftPackageProductDependency section */
		EE532F7925BEDA0B00522DF0 /* FirebaseFirestore */ = {
			isa = XCSwiftPackageProductDependency;
			package = EE532F7825BEDA0B00522DF0 /* XCRemoteSwiftPackageReference "firebase-ios-sdk" */;
			productName = FirebaseFirestore;
		};
		EE532F7B25BEDA0B00522DF0 /* FirebaseFirestoreSwift-Beta */ = {
			isa = XCSwiftPackageProductDependency;
			package = EE532F7825BEDA0B00522DF0 /* XCRemoteSwiftPackageReference "firebase-ios-sdk" */;
			productName = "FirebaseFirestoreSwift-Beta";
		};
/* End XCSwiftPackageProductDependency section */
	};
	rootObject = EE532F5D25BED7B500522DF0 /* Project object */;
}
